<?xml version="1.0" encoding="UTF-8" standalone="yes" ?>
<CodeBlocks_project_file>
   <FileVersion major="1" minor="6" />
   <Project>
      <Option title="gtest" />
      <Option makefile_is_custom="1" />
      <Option compiler="gcc" />
      <Option virtualFolders="CMake Files\;CMake Files\..\;CMake Files\..\..\;CMake Files\..\..\..\;CMake Files\..\..\..\..\;CMake Files\..\..\..\..\..\;CMake Files\..\..\..\..\..\..\;CMake Files\..\..\..\..\..\..\..\;CMake Files\..\..\..\..\..\..\..\usr\;CMake Files\..\..\..\..\..\..\..\usr\src\;CMake Files\..\..\..\..\..\..\..\usr\src\gtest\;CMake Files\..\..\..\..\..\..\..\usr\src\gtest\cmake\;CMake Files\..\..\..\..\..\..\..\opt\;CMake Files\..\..\..\..\..\..\..\opt\ros\;CMake Files\..\..\..\..\..\..\..\opt\ros\hydro\;CMake Files\..\..\..\..\..\..\..\opt\ros\hydro\share\;CMake Files\..\..\..\..\..\..\..\opt\ros\hydro\share\OpenCV\;CMake Files\..\..\..\..\..\..\..\opt\ros\hydro\share\ros\;CMake Files\..\..\..\..\..\..\..\opt\ros\hydro\share\ros\core\;CMake Files\..\..\..\..\..\..\..\opt\ros\hydro\share\ros\core\rosbuild\;CMake Files\..\..\..\..\..\..\..\opt\ros\hydro\share\catkin\;CMake Files\..\..\..\..\..\..\..\opt\ros\hydro\share\catkin\cmake\;CMake Files\..\..\..\..\..\..\..\opt\ros\hydro\share\catkin\cmake\platform\;CMake Files\..\..\..\..\..\..\..\opt\ros\hydro\share\catkin\cmake\test\;CMake Files\..\..\..\..\..\..\..\opt\ros\hydro\share\catkin\cmake\tools\;CMake Files\..\..\..\..\..\..\..\opt\ros\hydro\share\catkin\cmake\..\;CMake Files\..\..\..\..\..\..\..\opt\ros\hydro\share\catkin\cmake\templates\;CMake Files\..\..\..\..\..\..\..\opt\ros\hydro\share\catkin\cmake\env-hooks\;CMake Files\..\..\..\..\..\..\..\opt\ros\hydro\share\rosunit\;CMake Files\..\..\..\..\..\..\..\opt\ros\hydro\share\rosunit\cmake\;CMake Files\..\..\..\..\..\..\..\opt\ros\hydro\share\roslib\;CMake Files\..\..\..\..\..\..\..\opt\ros\hydro\share\roslib\cmake\;CMake Files\..\..\..\..\..\..\..\opt\ros\hydro\share\roslang\;CMake Files\..\..\..\..\..\..\..\opt\ros\hydro\share\roslang\cmake\;CMake Files\..\..\..\..\..\..\..\opt\ros\hydro\share\genmsg\;CMake Files\..\..\..\..\..\..\..\opt\ros\hydro\share\genmsg\cmake\;CMake Files\..\..\..\..\..\..\..\opt\ros\hydro\share\gencpp\;CMake Files\..\..\..\..\..\..\..\opt\ros\hydro\share\gencpp\cmake\;CMake Files\..\..\..\..\..\..\..\opt\ros\hydro\share\genlisp\;CMake Files\..\..\..\..\..\..\..\opt\ros\hydro\share\genlisp\cmake\;CMake Files\..\..\..\..\..\..\..\opt\ros\hydro\share\genpy\;CMake Files\..\..\..\..\..\..\..\opt\ros\hydro\share\genpy\cmake\;CMake Files\..\..\..\..\..\..\..\opt\ros\hydro\share\roslisp\;CMake Files\..\..\..\..\..\..\..\opt\ros\hydro\share\roslisp\rosbuild\;CMake Files\..\..\..\..\..\..\..\opt\ros\hydro\share\roscpp\;CMake Files\..\..\..\..\..\..\..\opt\ros\hydro\share\roscpp\rosbuild\;CMake Files\..\..\..\..\..\..\..\opt\ros\hydro\share\rospy\;CMake Files\..\..\..\..\..\..\..\opt\ros\hydro\share\rospy\rosbuild\;CMake Files\..\qtcreator-build\;CMake Files\..\qtcreator-build\catkin\;CMake Files\..\qtcreator-build\catkin\catkin_generated\;CMake Files\..\qtcreator-build\catkin\catkin_generated\version\;CMake Files\..\qtcreator-build\catkin_generated\;" />
      <Build>
      <Target title="all">
         <Option working_dir="/home/sumit/hydro_workspace/sandbox/kraken_3.0/vision_stack/qtcreator-build/gtest" />
         <Option type="4" />
         <MakeCommands>
            <Build command="/usr/bin/make -f &quot;/home/sumit/hydro_workspace/sandbox/kraken_3.0/vision_stack/qtcreator-build/gtest/Makefile&quot;  VERBOSE=1 all" />
            <CompileFile command="/usr/bin/make -f &quot;/home/sumit/hydro_workspace/sandbox/kraken_3.0/vision_stack/qtcreator-build/gtest/Makefile&quot;  VERBOSE=1 &quot;$file&quot;" />
            <Clean command="/usr/bin/make -f &quot;/home/sumit/hydro_workspace/sandbox/kraken_3.0/vision_stack/qtcreator-build/gtest/Makefile&quot;  VERBOSE=1 clean" />
            <DistClean command="/usr/bin/make -f &quot;/home/sumit/hydro_workspace/sandbox/kraken_3.0/vision_stack/qtcreator-build/gtest/Makefile&quot;  VERBOSE=1 clean" />
         </MakeCommands>
      </Target>
      <Target title="gtest">
         <Option output="/home/sumit/hydro_workspace/sandbox/kraken_3.0/vision_stack/vision_gui/lib/libgtest.so" prefix_auto="0" extension_auto="0" />
         <Option working_dir="/home/sumit/hydro_workspace/sandbox/kraken_3.0/vision_stack/qtcreator-build/gtest" />
         <Option object_output="./" />
         <Option type="3" />
         <Option compiler="gcc" />
         <Compiler>
            <Add option="-DQT_NO_DEBUG" />
            <Add option="-DQT_GUI_LIB" />
            <Add option="-DQT_CORE_LIB" />
            <Add option="-DQT_NO_KEYWORDS" />
            <Add directory="/home/sumit/hydro_workspace/sandbox/kraken_3.0/vision_stack/qtcreator-build" />
            <Add directory="/home/sumit/hydro_workspace/sandbox/kraken_3.0/vision_stack/vision_gui/include" />
            <Add directory="/home/sumit/hydro_workspace/sandbox/kraken_3.0/vision_stack/vision_gui/include/Project" />
            <Add directory="/opt/ros/hydro/include" />
            <Add directory="/usr/include" />
            <Add directory="/usr/include/c++/4.6" />
            <Add directory="/usr/include/c++/4.6/backward" />
            <Add directory="/usr/include/c++/4.6/x86_64-linux-gnu/." />
            <Add directory="/usr/include/qt4" />
            <Add directory="/usr/include/qt4/QtCore" />
            <Add directory="/usr/include/qt4/QtGui" />
            <Add directory="/usr/include/x86_64-linux-gnu" />
            <Add directory="/usr/lib/gcc/x86_64-linux-gnu/4.6/include" />
            <Add directory="/usr/lib/gcc/x86_64-linux-gnu/4.6/include-fixed" />
            <Add directory="/usr/local/include" />
            <Add directory="/usr/src/gtest" />
            <Add directory="/usr/src/gtest/include" />
         </Compiler>
         <MakeCommands>
            <Build command="/usr/bin/make -f &quot;/home/sumit/hydro_workspace/sandbox/kraken_3.0/vision_stack/qtcreator-build/gtest/Makefile&quot;  VERBOSE=1 gtest" />
            <CompileFile command="/usr/bin/make -f &quot;/home/sumit/hydro_workspace/sandbox/kraken_3.0/vision_stack/qtcreator-build/gtest/Makefile&quot;  VERBOSE=1 &quot;$file&quot;" />
            <Clean command="/usr/bin/make -f &quot;/home/sumit/hydro_workspace/sandbox/kraken_3.0/vision_stack/qtcreator-build/gtest/Makefile&quot;  VERBOSE=1 clean" />
            <DistClean command="/usr/bin/make -f &quot;/home/sumit/hydro_workspace/sandbox/kraken_3.0/vision_stack/qtcreator-build/gtest/Makefile&quot;  VERBOSE=1 clean" />
         </MakeCommands>
      </Target>
      <Target title="gtest/fast">
         <Option output="/home/sumit/hydro_workspace/sandbox/kraken_3.0/vision_stack/vision_gui/lib/libgtest.so" prefix_auto="0" extension_auto="0" />
         <Option working_dir="/home/sumit/hydro_workspace/sandbox/kraken_3.0/vision_stack/qtcreator-build/gtest" />
         <Option object_output="./" />
         <Option type="3" />
         <Option compiler="gcc" />
         <Compiler>
            <Add option="-DQT_NO_DEBUG" />
            <Add option="-DQT_GUI_LIB" />
            <Add option="-DQT_CORE_LIB" />
            <Add option="-DQT_NO_KEYWORDS" />
            <Add directory="/home/sumit/hydro_workspace/sandbox/kraken_3.0/vision_stack/qtcreator-build" />
            <Add directory="/home/sumit/hydro_workspace/sandbox/kraken_3.0/vision_stack/vision_gui/include" />
            <Add directory="/home/sumit/hydro_workspace/sandbox/kraken_3.0/vision_stack/vision_gui/include/Project" />
            <Add directory="/opt/ros/hydro/include" />
            <Add directory="/usr/include" />
            <Add directory="/usr/include/c++/4.6" />
            <Add directory="/usr/include/c++/4.6/backward" />
            <Add directory="/usr/include/c++/4.6/x86_64-linux-gnu/." />
            <Add directory="/usr/include/qt4" />
            <Add directory="/usr/include/qt4/QtCore" />
            <Add directory="/usr/include/qt4/QtGui" />
            <Add directory="/usr/include/x86_64-linux-gnu" />
            <Add directory="/usr/lib/gcc/x86_64-linux-gnu/4.6/include" />
            <Add directory="/usr/lib/gcc/x86_64-linux-gnu/4.6/include-fixed" />
            <Add directory="/usr/local/include" />
            <Add directory="/usr/src/gtest" />
            <Add directory="/usr/src/gtest/include" />
         </Compiler>
         <MakeCommands>
            <Build command="/usr/bin/make -f &quot;/home/sumit/hydro_workspace/sandbox/kraken_3.0/vision_stack/qtcreator-build/gtest/Makefile&quot;  VERBOSE=1 gtest/fast" />
            <CompileFile command="/usr/bin/make -f &quot;/home/sumit/hydro_workspace/sandbox/kraken_3.0/vision_stack/qtcreator-build/gtest/Makefile&quot;  VERBOSE=1 &quot;$file&quot;" />
            <Clean command="/usr/bin/make -f &quot;/home/sumit/hydro_workspace/sandbox/kraken_3.0/vision_stack/qtcreator-build/gtest/Makefile&quot;  VERBOSE=1 clean" />
            <DistClean command="/usr/bin/make -f &quot;/home/sumit/hydro_workspace/sandbox/kraken_3.0/vision_stack/qtcreator-build/gtest/Makefile&quot;  VERBOSE=1 clean" />
         </MakeCommands>
      </Target>
      <Target title="gtest_automoc">
         <Option working_dir="/home/sumit/hydro_workspace/sandbox/kraken_3.0/vision_stack/qtcreator-build/gtest" />
         <Option type="4" />
         <MakeCommands>
            <Build command="/usr/bin/make -f &quot;/home/sumit/hydro_workspace/sandbox/kraken_3.0/vision_stack/qtcreator-build/gtest/Makefile&quot;  VERBOSE=1 gtest_automoc" />
            <CompileFile command="/usr/bin/make -f &quot;/home/sumit/hydro_workspace/sandbox/kraken_3.0/vision_stack/qtcreator-build/gtest/Makefile&quot;  VERBOSE=1 &quot;$file&quot;" />
            <Clean command="/usr/bin/make -f &quot;/home/sumit/hydro_workspace/sandbox/kraken_3.0/vision_stack/qtcreator-build/gtest/Makefile&quot;  VERBOSE=1 clean" />
            <DistClean command="/usr/bin/make -f &quot;/home/sumit/hydro_workspace/sandbox/kraken_3.0/vision_stack/qtcreator-build/gtest/Makefile&quot;  VERBOSE=1 clean" />
         </MakeCommands>
      </Target>
      <Target title="gtest_main">
         <Option output="/home/sumit/hydro_workspace/sandbox/kraken_3.0/vision_stack/vision_gui/lib/libgtest_main.so" prefix_auto="0" extension_auto="0" />
         <Option working_dir="/home/sumit/hydro_workspace/sandbox/kraken_3.0/vision_stack/qtcreator-build/gtest" />
         <Option object_output="./" />
         <Option type="3" />
         <Option compiler="gcc" />
         <Compiler>
            <Add option="-DQT_NO_DEBUG" />
            <Add option="-DQT_GUI_LIB" />
            <Add option="-DQT_CORE_LIB" />
            <Add option="-DQT_NO_KEYWORDS" />
            <Add directory="/home/sumit/hydro_workspace/sandbox/kraken_3.0/vision_stack/qtcreator-build" />
            <Add directory="/home/sumit/hydro_workspace/sandbox/kraken_3.0/vision_stack/vision_gui/include" />
            <Add directory="/home/sumit/hydro_workspace/sandbox/kraken_3.0/vision_stack/vision_gui/include/Project" />
            <Add directory="/opt/ros/hydro/include" />
            <Add directory="/usr/include" />
            <Add directory="/usr/include/c++/4.6" />
            <Add directory="/usr/include/c++/4.6/backward" />
            <Add directory="/usr/include/c++/4.6/x86_64-linux-gnu/." />
            <Add directory="/usr/include/qt4" />
            <Add directory="/usr/include/qt4/QtCore" />
            <Add directory="/usr/include/qt4/QtGui" />
            <Add directory="/usr/include/x86_64-linux-gnu" />
            <Add directory="/usr/lib/gcc/x86_64-linux-gnu/4.6/include" />
            <Add directory="/usr/lib/gcc/x86_64-linux-gnu/4.6/include-fixed" />
            <Add directory="/usr/local/include" />
            <Add directory="/usr/src/gtest" />
            <Add directory="/usr/src/gtest/include" />
         </Compiler>
         <MakeCommands>
            <Build command="/usr/bin/make -f &quot;/home/sumit/hydro_workspace/sandbox/kraken_3.0/vision_stack/qtcreator-build/gtest/Makefile&quot;  VERBOSE=1 gtest_main" />
            <CompileFile command="/usr/bin/make -f &quot;/home/sumit/hydro_workspace/sandbox/kraken_3.0/vision_stack/qtcreator-build/gtest/Makefile&quot;  VERBOSE=1 &quot;$file&quot;" />
            <Clean command="/usr/bin/make -f &quot;/home/sumit/hydro_workspace/sandbox/kraken_3.0/vision_stack/qtcreator-build/gtest/Makefile&quot;  VERBOSE=1 clean" />
            <DistClean command="/usr/bin/make -f &quot;/home/sumit/hydro_workspace/sandbox/kraken_3.0/vision_stack/qtcreator-build/gtest/Makefile&quot;  VERBOSE=1 clean" />
         </MakeCommands>
      </Target>
      <Target title="gtest_main/fast">
         <Option output="/home/sumit/hydro_workspace/sandbox/kraken_3.0/vision_stack/vision_gui/lib/libgtest_main.so" prefix_auto="0" extension_auto="0" />
         <Option working_dir="/home/sumit/hydro_workspace/sandbox/kraken_3.0/vision_stack/qtcreator-build/gtest" />
         <Option object_output="./" />
         <Option type="3" />
         <Option compiler="gcc" />
         <Compiler>
            <Add option="-DQT_NO_DEBUG" />
            <Add option="-DQT_GUI_LIB" />
            <Add option="-DQT_CORE_LIB" />
            <Add option="-DQT_NO_KEYWORDS" />
            <Add directory="/home/sumit/hydro_workspace/sandbox/kraken_3.0/vision_stack/qtcreator-build" />
            <Add directory="/home/sumit/hydro_workspace/sandbox/kraken_3.0/vision_stack/vision_gui/include" />
            <Add directory="/home/sumit/hydro_workspace/sandbox/kraken_3.0/vision_stack/vision_gui/include/Project" />
            <Add directory="/opt/ros/hydro/include" />
            <Add directory="/usr/include" />
            <Add directory="/usr/include/c++/4.6" />
            <Add directory="/usr/include/c++/4.6/backward" />
            <Add directory="/usr/include/c++/4.6/x86_64-linux-gnu/." />
            <Add directory="/usr/include/qt4" />
            <Add directory="/usr/include/qt4/QtCore" />
            <Add directory="/usr/include/qt4/QtGui" />
            <Add directory="/usr/include/x86_64-linux-gnu" />
            <Add directory="/usr/lib/gcc/x86_64-linux-gnu/4.6/include" />
            <Add directory="/usr/lib/gcc/x86_64-linux-gnu/4.6/include-fixed" />
            <Add directory="/usr/local/include" />
            <Add directory="/usr/src/gtest" />
            <Add directory="/usr/src/gtest/include" />
         </Compiler>
         <MakeCommands>
            <Build command="/usr/bin/make -f &quot;/home/sumit/hydro_workspace/sandbox/kraken_3.0/vision_stack/qtcreator-build/gtest/Makefile&quot;  VERBOSE=1 gtest_main/fast" />
            <CompileFile command="/usr/bin/make -f &quot;/home/sumit/hydro_workspace/sandbox/kraken_3.0/vision_stack/qtcreator-build/gtest/Makefile&quot;  VERBOSE=1 &quot;$file&quot;" />
            <Clean command="/usr/bin/make -f &quot;/home/sumit/hydro_workspace/sandbox/kraken_3.0/vision_stack/qtcreator-build/gtest/Makefile&quot;  VERBOSE=1 clean" />
            <DistClean command="/usr/bin/make -f &quot;/home/sumit/hydro_workspace/sandbox/kraken_3.0/vision_stack/qtcreator-build/gtest/Makefile&quot;  VERBOSE=1 clean" />
         </MakeCommands>
      </Target>
      <Target title="gtest_main_automoc">
         <Option working_dir="/home/sumit/hydro_workspace/sandbox/kraken_3.0/vision_stack/qtcreator-build/gtest" />
         <Option type="4" />
         <MakeCommands>
            <Build command="/usr/bin/make -f &quot;/home/sumit/hydro_workspace/sandbox/kraken_3.0/vision_stack/qtcreator-build/gtest/Makefile&quot;  VERBOSE=1 gtest_main_automoc" />
            <CompileFile command="/usr/bin/make -f &quot;/home/sumit/hydro_workspace/sandbox/kraken_3.0/vision_stack/qtcreator-build/gtest/Makefile&quot;  VERBOSE=1 &quot;$file&quot;" />
            <Clean command="/usr/bin/make -f &quot;/home/sumit/hydro_workspace/sandbox/kraken_3.0/vision_stack/qtcreator-build/gtest/Makefile&quot;  VERBOSE=1 clean" />
            <DistClean command="/usr/bin/make -f &quot;/home/sumit/hydro_workspace/sandbox/kraken_3.0/vision_stack/qtcreator-build/gtest/Makefile&quot;  VERBOSE=1 clean" />
         </MakeCommands>
      </Target>
      </Build>
      <Unit filename="/usr/src/gtest/src/gtest-all.cc">
      </Unit>
      <Unit filename="/usr/src/gtest/src/gtest_main.cc">
      </Unit>
      <Unit filename="/home/sumit/hydro_workspace/sandbox/kraken_3.0/vision_stack/vision_gui/CMakeLists.txt">
          <Option virtualFolder="CMake Files\" />
      </Unit>
      <Unit filename="/home/sumit/hydro_workspace/sandbox/kraken_3.0/vision_stack/vision_gui/../../../../../../../usr/src/gtest/CMakeLists.txt">
          <Option virtualFolder="CMake Files\..\..\..\..\..\..\..\usr\src\gtest\" />
      </Unit>
      <Unit filename="/home/sumit/hydro_workspace/sandbox/kraken_3.0/vision_stack/vision_gui/../../../../../../../usr/src/gtest/CMakeLists.txt">
          <Option virtualFolder="CMake Files\..\..\..\..\..\..\..\usr\src\gtest\" />
      </Unit>
      <Unit filename="/home/sumit/hydro_workspace/sandbox/kraken_3.0/vision_stack/vision_gui/../../../../../../../usr/src/gtest/cmake/internal_utils.cmake">
          <Option virtualFolder="CMake Files\..\..\..\..\..\..\..\usr\src\gtest\cmake\" />
      </Unit>
      <Unit filename="/home/sumit/hydro_workspace/sandbox/kraken_3.0/vision_stack/vision_gui/../../../../../../../usr/src/gtest/cmake/internal_utils.cmake">
          <Option virtualFolder="CMake Files\..\..\..\..\..\..\..\usr\src\gtest\cmake\" />
      </Unit>
      <Unit filename="/home/sumit/hydro_workspace/sandbox/kraken_3.0/vision_stack/vision_gui/../../../../../../../opt/ros/hydro/share/OpenCV/OpenCVConfig-version.cmake">
          <Option virtualFolder="CMake Files\..\..\..\..\..\..\..\opt\ros\hydro\share\OpenCV\" />
      </Unit>
      <Unit filename="/home/sumit/hydro_workspace/sandbox/kraken_3.0/vision_stack/vision_gui/../../../../../../../opt/ros/hydro/share/OpenCV/OpenCVConfig.cmake">
          <Option virtualFolder="CMake Files\..\..\..\..\..\..\..\opt\ros\hydro\share\OpenCV\" />
      </Unit>
      <Unit filename="/home/sumit/hydro_workspace/sandbox/kraken_3.0/vision_stack/vision_gui/../../../../../../../opt/ros/hydro/share/ros/core/rosbuild/rosbuild.cmake">
          <Option virtualFolder="CMake Files\..\..\..\..\..\..\..\opt\ros\hydro\share\ros\core\rosbuild\" />
      </Unit>
      <Unit filename="/home/sumit/hydro_workspace/sandbox/kraken_3.0/vision_stack/vision_gui/../../../../../../../opt/ros/hydro/share/ros/core/rosbuild/private.cmake">
          <Option virtualFolder="CMake Files\..\..\..\..\..\..\..\opt\ros\hydro\share\ros\core\rosbuild\" />
      </Unit>
      <Unit filename="/home/sumit/hydro_workspace/sandbox/kraken_3.0/vision_stack/vision_gui/../../../../../../../opt/ros/hydro/share/ros/core/rosbuild/public.cmake">
          <Option virtualFolder="CMake Files\..\..\..\..\..\..\..\opt\ros\hydro\share\ros\core\rosbuild\" />
      </Unit>
      <Unit filename="/home/sumit/hydro_workspace/sandbox/kraken_3.0/vision_stack/vision_gui/../../../../../../../opt/ros/hydro/share/ros/core/rosbuild/ProcessorCount.cmake">
          <Option virtualFolder="CMake Files\..\..\..\..\..\..\..\opt\ros\hydro\share\ros\core\rosbuild\" />
      </Unit>
      <Unit filename="/home/sumit/hydro_workspace/sandbox/kraken_3.0/vision_stack/vision_gui/../../../../../../../opt/ros/hydro/share/ros/core/rosbuild/rosconfig.cmake">
          <Option virtualFolder="CMake Files\..\..\..\..\..\..\..\opt\ros\hydro\share\ros\core\rosbuild\" />
      </Unit>
      <Unit filename="/home/sumit/hydro_workspace/sandbox/kraken_3.0/vision_stack/vision_gui/../../../../../../../opt/ros/hydro/share/catkin/cmake/catkinConfig-version.cmake">
          <Option virtualFolder="CMake Files\..\..\..\..\..\..\..\opt\ros\hydro\share\catkin\cmake\" />
      </Unit>
      <Unit filename="/home/sumit/hydro_workspace/sandbox/kraken_3.0/vision_stack/vision_gui/../../../../../../../opt/ros/hydro/share/catkin/cmake/catkinConfig.cmake">
          <Option virtualFolder="CMake Files\..\..\..\..\..\..\..\opt\ros\hydro\share\catkin\cmake\" />
      </Unit>
      <Unit filename="/home/sumit/hydro_workspace/sandbox/kraken_3.0/vision_stack/vision_gui/../../../../../../../opt/ros/hydro/share/catkin/cmake/all.cmake">
          <Option virtualFolder="CMake Files\..\..\..\..\..\..\..\opt\ros\hydro\share\catkin\cmake\" />
      </Unit>
      <Unit filename="/home/sumit/hydro_workspace/sandbox/kraken_3.0/vision_stack/vision_gui/../../../../../../../opt/ros/hydro/share/catkin/cmake/assert.cmake">
          <Option virtualFolder="CMake Files\..\..\..\..\..\..\..\opt\ros\hydro\share\catkin\cmake\" />
      </Unit>
      <Unit filename="/home/sumit/hydro_workspace/sandbox/kraken_3.0/vision_stack/vision_gui/../../../../../../../opt/ros/hydro/share/catkin/cmake/atomic_configure_file.cmake">
          <Option virtualFolder="CMake Files\..\..\..\..\..\..\..\opt\ros\hydro\share\catkin\cmake\" />
      </Unit>
      <Unit filename="/home/sumit/hydro_workspace/sandbox/kraken_3.0/vision_stack/vision_gui/../../../../../../../opt/ros/hydro/share/catkin/cmake/catkin_add_env_hooks.cmake">
          <Option virtualFolder="CMake Files\..\..\..\..\..\..\..\opt\ros\hydro\share\catkin\cmake\" />
      </Unit>
      <Unit filename="/home/sumit/hydro_workspace/sandbox/kraken_3.0/vision_stack/vision_gui/../../../../../../../opt/ros/hydro/share/catkin/cmake/catkin_destinations.cmake">
          <Option virtualFolder="CMake Files\..\..\..\..\..\..\..\opt\ros\hydro\share\catkin\cmake\" />
      </Unit>
      <Unit filename="/home/sumit/hydro_workspace/sandbox/kraken_3.0/vision_stack/vision_gui/../../../../../../../opt/ros/hydro/share/catkin/cmake/catkin_generate_environment.cmake">
          <Option virtualFolder="CMake Files\..\..\..\..\..\..\..\opt\ros\hydro\share\catkin\cmake\" />
      </Unit>
      <Unit filename="/home/sumit/hydro_workspace/sandbox/kraken_3.0/vision_stack/vision_gui/../../../../../../../opt/ros/hydro/share/catkin/cmake/catkin_install_python.cmake">
          <Option virtualFolder="CMake Files\..\..\..\..\..\..\..\opt\ros\hydro\share\catkin\cmake\" />
      </Unit>
      <Unit filename="/home/sumit/hydro_workspace/sandbox/kraken_3.0/vision_stack/vision_gui/../../../../../../../opt/ros/hydro/share/catkin/cmake/catkin_libraries.cmake">
          <Option virtualFolder="CMake Files\..\..\..\..\..\..\..\opt\ros\hydro\share\catkin\cmake\" />
      </Unit>
      <Unit filename="/home/sumit/hydro_workspace/sandbox/kraken_3.0/vision_stack/vision_gui/../../../../../../../opt/ros/hydro/share/catkin/cmake/catkin_metapackage.cmake">
          <Option virtualFolder="CMake Files\..\..\..\..\..\..\..\opt\ros\hydro\share\catkin\cmake\" />
      </Unit>
      <Unit filename="/home/sumit/hydro_workspace/sandbox/kraken_3.0/vision_stack/vision_gui/../../../../../../../opt/ros/hydro/share/catkin/cmake/catkin_package.cmake">
          <Option virtualFolder="CMake Files\..\..\..\..\..\..\..\opt\ros\hydro\share\catkin\cmake\" />
      </Unit>
      <Unit filename="/home/sumit/hydro_workspace/sandbox/kraken_3.0/vision_stack/vision_gui/../../../../../../../opt/ros/hydro/share/catkin/cmake/catkin_package_xml.cmake">
          <Option virtualFolder="CMake Files\..\..\..\..\..\..\..\opt\ros\hydro\share\catkin\cmake\" />
      </Unit>
      <Unit filename="/home/sumit/hydro_workspace/sandbox/kraken_3.0/vision_stack/vision_gui/../../../../../../../opt/ros/hydro/share/catkin/cmake/catkin_workspace.cmake">
          <Option virtualFolder="CMake Files\..\..\..\..\..\..\..\opt\ros\hydro\share\catkin\cmake\" />
      </Unit>
      <Unit filename="/home/sumit/hydro_workspace/sandbox/kraken_3.0/vision_stack/vision_gui/../../../../../../../opt/ros/hydro/share/catkin/cmake/debug_message.cmake">
          <Option virtualFolder="CMake Files\..\..\..\..\..\..\..\opt\ros\hydro\share\catkin\cmake\" />
      </Unit>
      <Unit filename="/home/sumit/hydro_workspace/sandbox/kraken_3.0/vision_stack/vision_gui/../../../../../../../opt/ros/hydro/share/catkin/cmake/em_expand.cmake">
          <Option virtualFolder="CMake Files\..\..\..\..\..\..\..\opt\ros\hydro\share\catkin\cmake\" />
      </Unit>
      <Unit filename="/home/sumit/hydro_workspace/sandbox/kraken_3.0/vision_stack/vision_gui/../../../../../../../opt/ros/hydro/share/catkin/cmake/python.cmake">
          <Option virtualFolder="CMake Files\..\..\..\..\..\..\..\opt\ros\hydro\share\catkin\cmake\" />
      </Unit>
      <Unit filename="/home/sumit/hydro_workspace/sandbox/kraken_3.0/vision_stack/vision_gui/../../../../../../../opt/ros/hydro/share/catkin/cmake/empy.cmake">
          <Option virtualFolder="CMake Files\..\..\..\..\..\..\..\opt\ros\hydro\share\catkin\cmake\" />
      </Unit>
      <Unit filename="/home/sumit/hydro_workspace/sandbox/kraken_3.0/vision_stack/vision_gui/../../../../../../../opt/ros/hydro/share/catkin/cmake/find_program_required.cmake">
          <Option virtualFolder="CMake Files\..\..\..\..\..\..\..\opt\ros\hydro\share\catkin\cmake\" />
      </Unit>
      <Unit filename="/home/sumit/hydro_workspace/sandbox/kraken_3.0/vision_stack/vision_gui/../../../../../../../opt/ros/hydro/share/catkin/cmake/legacy.cmake">
          <Option virtualFolder="CMake Files\..\..\..\..\..\..\..\opt\ros\hydro\share\catkin\cmake\" />
      </Unit>
      <Unit filename="/home/sumit/hydro_workspace/sandbox/kraken_3.0/vision_stack/vision_gui/../../../../../../../opt/ros/hydro/share/catkin/cmake/list_append_deduplicate.cmake">
          <Option virtualFolder="CMake Files\..\..\..\..\..\..\..\opt\ros\hydro\share\catkin\cmake\" />
      </Unit>
      <Unit filename="/home/sumit/hydro_workspace/sandbox/kraken_3.0/vision_stack/vision_gui/../../../../../../../opt/ros/hydro/share/catkin/cmake/list_append_unique.cmake">
          <Option virtualFolder="CMake Files\..\..\..\..\..\..\..\opt\ros\hydro\share\catkin\cmake\" />
      </Unit>
      <Unit filename="/home/sumit/hydro_workspace/sandbox/kraken_3.0/vision_stack/vision_gui/../../../../../../../opt/ros/hydro/share/catkin/cmake/list_insert_in_workspace_order.cmake">
          <Option virtualFolder="CMake Files\..\..\..\..\..\..\..\opt\ros\hydro\share\catkin\cmake\" />
      </Unit>
      <Unit filename="/home/sumit/hydro_workspace/sandbox/kraken_3.0/vision_stack/vision_gui/../../../../../../../opt/ros/hydro/share/catkin/cmake/parse_arguments.cmake">
          <Option virtualFolder="CMake Files\..\..\..\..\..\..\..\opt\ros\hydro\share\catkin\cmake\" />
      </Unit>
      <Unit filename="/home/sumit/hydro_workspace/sandbox/kraken_3.0/vision_stack/vision_gui/../../../../../../../opt/ros/hydro/share/catkin/cmake/safe_execute_process.cmake">
          <Option virtualFolder="CMake Files\..\..\..\..\..\..\..\opt\ros\hydro\share\catkin\cmake\" />
      </Unit>
      <Unit filename="/home/sumit/hydro_workspace/sandbox/kraken_3.0/vision_stack/vision_gui/../../../../../../../opt/ros/hydro/share/catkin/cmake/stamp.cmake">
          <Option virtualFolder="CMake Files\..\..\..\..\..\..\..\opt\ros\hydro\share\catkin\cmake\" />
      </Unit>
      <Unit filename="/home/sumit/hydro_workspace/sandbox/kraken_3.0/vision_stack/vision_gui/../../../../../../../opt/ros/hydro/share/catkin/cmake/string_starts_with.cmake">
          <Option virtualFolder="CMake Files\..\..\..\..\..\..\..\opt\ros\hydro\share\catkin\cmake\" />
      </Unit>
      <Unit filename="/home/sumit/hydro_workspace/sandbox/kraken_3.0/vision_stack/vision_gui/../../../../../../../opt/ros/hydro/share/catkin/cmake/catkin_python_setup.cmake">
          <Option virtualFolder="CMake Files\..\..\..\..\..\..\..\opt\ros\hydro\share\catkin\cmake\" />
      </Unit>
      <Unit filename="/home/sumit/hydro_workspace/sandbox/kraken_3.0/vision_stack/vision_gui/../../../../../../../opt/ros/hydro/share/catkin/cmake/interrogate_setup_dot_py.py">
          <Option virtualFolder="CMake Files\..\..\..\..\..\..\..\opt\ros\hydro\share\catkin\cmake\" />
      </Unit>
      <Unit filename="/home/sumit/hydro_workspace/sandbox/kraken_3.0/vision_stack/vision_gui/../../../../../../../opt/ros/hydro/share/catkin/cmake/catkinConfig-version.cmake">
          <Option virtualFolder="CMake Files\..\..\..\..\..\..\..\opt\ros\hydro\share\catkin\cmake\" />
      </Unit>
      <Unit filename="/home/sumit/hydro_workspace/sandbox/kraken_3.0/vision_stack/vision_gui/../../../../../../../opt/ros/hydro/share/catkin/cmake/catkinConfig.cmake">
          <Option virtualFolder="CMake Files\..\..\..\..\..\..\..\opt\ros\hydro\share\catkin\cmake\" />
      </Unit>
      <Unit filename="/home/sumit/hydro_workspace/sandbox/kraken_3.0/vision_stack/vision_gui/../../../../../../../opt/ros/hydro/share/catkin/cmake/catkinConfig-version.cmake">
          <Option virtualFolder="CMake Files\..\..\..\..\..\..\..\opt\ros\hydro\share\catkin\cmake\" />
      </Unit>
      <Unit filename="/home/sumit/hydro_workspace/sandbox/kraken_3.0/vision_stack/vision_gui/../../../../../../../opt/ros/hydro/share/catkin/cmake/catkinConfig.cmake">
          <Option virtualFolder="CMake Files\..\..\..\..\..\..\..\opt\ros\hydro\share\catkin\cmake\" />
      </Unit>
      <Unit filename="/home/sumit/hydro_workspace/sandbox/kraken_3.0/vision_stack/vision_gui/../../../../../../../opt/ros/hydro/share/catkin/cmake/platform/lsb.cmake">
          <Option virtualFolder="CMake Files\..\..\..\..\..\..\..\opt\ros\hydro\share\catkin\cmake\platform\" />
      </Unit>
      <Unit filename="/home/sumit/hydro_workspace/sandbox/kraken_3.0/vision_stack/vision_gui/../../../../../../../opt/ros/hydro/share/catkin/cmake/platform/ubuntu.cmake">
          <Option virtualFolder="CMake Files\..\..\..\..\..\..\..\opt\ros\hydro\share\catkin\cmake\platform\" />
      </Unit>
      <Unit filename="/home/sumit/hydro_workspace/sandbox/kraken_3.0/vision_stack/vision_gui/../../../../../../../opt/ros/hydro/share/catkin/cmake/platform/windows.cmake">
          <Option virtualFolder="CMake Files\..\..\..\..\..\..\..\opt\ros\hydro\share\catkin\cmake\platform\" />
      </Unit>
      <Unit filename="/home/sumit/hydro_workspace/sandbox/kraken_3.0/vision_stack/vision_gui/../../../../../../../opt/ros/hydro/share/catkin/cmake/test/tests.cmake">
          <Option virtualFolder="CMake Files\..\..\..\..\..\..\..\opt\ros\hydro\share\catkin\cmake\test\" />
      </Unit>
      <Unit filename="/home/sumit/hydro_workspace/sandbox/kraken_3.0/vision_stack/vision_gui/../../../../../../../opt/ros/hydro/share/catkin/cmake/test/catkin_download_test_data.cmake">
          <Option virtualFolder="CMake Files\..\..\..\..\..\..\..\opt\ros\hydro\share\catkin\cmake\test\" />
      </Unit>
      <Unit filename="/home/sumit/hydro_workspace/sandbox/kraken_3.0/vision_stack/vision_gui/../../../../../../../opt/ros/hydro/share/catkin/cmake/test/download_test_data.cmake">
          <Option virtualFolder="CMake Files\..\..\..\..\..\..\..\opt\ros\hydro\share\catkin\cmake\test\" />
      </Unit>
      <Unit filename="/home/sumit/hydro_workspace/sandbox/kraken_3.0/vision_stack/vision_gui/../../../../../../../opt/ros/hydro/share/catkin/cmake/test/gtest.cmake">
          <Option virtualFolder="CMake Files\..\..\..\..\..\..\..\opt\ros\hydro\share\catkin\cmake\test\" />
      </Unit>
      <Unit filename="/home/sumit/hydro_workspace/sandbox/kraken_3.0/vision_stack/vision_gui/../../../../../../../opt/ros/hydro/share/catkin/cmake/test/nosetests.cmake">
          <Option virtualFolder="CMake Files\..\..\..\..\..\..\..\opt\ros\hydro\share\catkin\cmake\test\" />
      </Unit>
      <Unit filename="/home/sumit/hydro_workspace/sandbox/kraken_3.0/vision_stack/vision_gui/../../../../../../../opt/ros/hydro/share/catkin/cmake/tools/doxygen.cmake">
          <Option virtualFolder="CMake Files\..\..\..\..\..\..\..\opt\ros\hydro\share\catkin\cmake\tools\" />
      </Unit>
      <Unit filename="/home/sumit/hydro_workspace/sandbox/kraken_3.0/vision_stack/vision_gui/../../../../../../../opt/ros/hydro/share/catkin/cmake/tools/libraries.cmake">
          <Option virtualFolder="CMake Files\..\..\..\..\..\..\..\opt\ros\hydro\share\catkin\cmake\tools\" />
      </Unit>
      <Unit filename="/home/sumit/hydro_workspace/sandbox/kraken_3.0/vision_stack/vision_gui/../../../../../../../opt/ros/hydro/share/catkin/cmake/tools/rt.cmake">
          <Option virtualFolder="CMake Files\..\..\..\..\..\..\..\opt\ros\hydro\share\catkin\cmake\tools\" />
      </Unit>
      <Unit filename="/home/sumit/hydro_workspace/sandbox/kraken_3.0/vision_stack/vision_gui/../../../../../../../opt/ros/hydro/share/catkin/cmake/../package.xml">
          <Option virtualFolder="CMake Files\..\..\..\..\..\..\..\opt\ros\hydro\share\catkin\cmake\..\" />
      </Unit>
      <Unit filename="/home/sumit/hydro_workspace/sandbox/kraken_3.0/vision_stack/vision_gui/../../../../../../../opt/ros/hydro/share/catkin/cmake/templates/_setup_util.py.in">
          <Option virtualFolder="CMake Files\..\..\..\..\..\..\..\opt\ros\hydro\share\catkin\cmake\templates\" />
      </Unit>
      <Unit filename="/home/sumit/hydro_workspace/sandbox/kraken_3.0/vision_stack/vision_gui/../../../../../../../opt/ros/hydro/share/catkin/cmake/templates/env.sh.in">
          <Option virtualFolder="CMake Files\..\..\..\..\..\..\..\opt\ros\hydro\share\catkin\cmake\templates\" />
      </Unit>
      <Unit filename="/home/sumit/hydro_workspace/sandbox/kraken_3.0/vision_stack/vision_gui/../../../../../../../opt/ros/hydro/share/catkin/cmake/templates/setup.bash.in">
          <Option virtualFolder="CMake Files\..\..\..\..\..\..\..\opt\ros\hydro\share\catkin\cmake\templates\" />
      </Unit>
      <Unit filename="/home/sumit/hydro_workspace/sandbox/kraken_3.0/vision_stack/vision_gui/../../../../../../../opt/ros/hydro/share/catkin/cmake/templates/setup.sh.in">
          <Option virtualFolder="CMake Files\..\..\..\..\..\..\..\opt\ros\hydro\share\catkin\cmake\templates\" />
      </Unit>
      <Unit filename="/home/sumit/hydro_workspace/sandbox/kraken_3.0/vision_stack/vision_gui/../../../../../../../opt/ros/hydro/share/catkin/cmake/templates/setup.zsh.in">
          <Option virtualFolder="CMake Files\..\..\..\..\..\..\..\opt\ros\hydro\share\catkin\cmake\templates\" />
      </Unit>
      <Unit filename="/home/sumit/hydro_workspace/sandbox/kraken_3.0/vision_stack/vision_gui/../../../../../../../opt/ros/hydro/share/catkin/cmake/templates/rosinstall.in">
          <Option virtualFolder="CMake Files\..\..\..\..\..\..\..\opt\ros\hydro\share\catkin\cmake\templates\" />
      </Unit>
      <Unit filename="/home/sumit/hydro_workspace/sandbox/kraken_3.0/vision_stack/vision_gui/../../../../../../../opt/ros/hydro/share/catkin/cmake/templates/_setup_util.py.in">
          <Option virtualFolder="CMake Files\..\..\..\..\..\..\..\opt\ros\hydro\share\catkin\cmake\templates\" />
      </Unit>
      <Unit filename="/home/sumit/hydro_workspace/sandbox/kraken_3.0/vision_stack/vision_gui/../../../../../../../opt/ros/hydro/share/catkin/cmake/templates/env.sh.in">
          <Option virtualFolder="CMake Files\..\..\..\..\..\..\..\opt\ros\hydro\share\catkin\cmake\templates\" />
      </Unit>
      <Unit filename="/home/sumit/hydro_workspace/sandbox/kraken_3.0/vision_stack/vision_gui/../../../../../../../opt/ros/hydro/share/catkin/cmake/templates/setup.bash.in">
          <Option virtualFolder="CMake Files\..\..\..\..\..\..\..\opt\ros\hydro\share\catkin\cmake\templates\" />
      </Unit>
      <Unit filename="/home/sumit/hydro_workspace/sandbox/kraken_3.0/vision_stack/vision_gui/../../../../../../../opt/ros/hydro/share/catkin/cmake/templates/setup.sh.in">
          <Option virtualFolder="CMake Files\..\..\..\..\..\..\..\opt\ros\hydro\share\catkin\cmake\templates\" />
      </Unit>
      <Unit filename="/home/sumit/hydro_workspace/sandbox/kraken_3.0/vision_stack/vision_gui/../../../../../../../opt/ros/hydro/share/catkin/cmake/templates/setup.zsh.in">
          <Option virtualFolder="CMake Files\..\..\..\..\..\..\..\opt\ros\hydro\share\catkin\cmake\templates\" />
      </Unit>
      <Unit filename="/home/sumit/hydro_workspace/sandbox/kraken_3.0/vision_stack/vision_gui/../../../../../../../opt/ros/hydro/share/catkin/cmake/templates/rosinstall.in">
          <Option virtualFolder="CMake Files\..\..\..\..\..\..\..\opt\ros\hydro\share\catkin\cmake\templates\" />
      </Unit>
      <Unit filename="/home/sumit/hydro_workspace/sandbox/kraken_3.0/vision_stack/vision_gui/../../../../../../../opt/ros/hydro/share/catkin/cmake/templates/generate_cached_setup.py.in">
          <Option virtualFolder="CMake Files\..\..\..\..\..\..\..\opt\ros\hydro\share\catkin\cmake\templates\" />
      </Unit>
      <Unit filename="/home/sumit/hydro_workspace/sandbox/kraken_3.0/vision_stack/vision_gui/../../../../../../../opt/ros/hydro/share/catkin/cmake/templates/env.sh.in">
          <Option virtualFolder="CMake Files\..\..\..\..\..\..\..\opt\ros\hydro\share\catkin\cmake\templates\" />
      </Unit>
      <Unit filename="/home/sumit/hydro_workspace/sandbox/kraken_3.0/vision_stack/vision_gui/../../../../../../../opt/ros/hydro/share/catkin/cmake/env-hooks/05.catkin-test-results.sh.develspace.in">
          <Option virtualFolder="CMake Files\..\..\..\..\..\..\..\opt\ros\hydro\share\catkin\cmake\env-hooks\" />
      </Unit>
      <Unit filename="/home/sumit/hydro_workspace/sandbox/kraken_3.0/vision_stack/vision_gui/../../../../../../../opt/ros/hydro/share/rosunit/cmake/rosunitConfig-version.cmake">
          <Option virtualFolder="CMake Files\..\..\..\..\..\..\..\opt\ros\hydro\share\rosunit\cmake\" />
      </Unit>
      <Unit filename="/home/sumit/hydro_workspace/sandbox/kraken_3.0/vision_stack/vision_gui/../../../../../../../opt/ros/hydro/share/rosunit/cmake/rosunitConfig.cmake">
          <Option virtualFolder="CMake Files\..\..\..\..\..\..\..\opt\ros\hydro\share\rosunit\cmake\" />
      </Unit>
      <Unit filename="/home/sumit/hydro_workspace/sandbox/kraken_3.0/vision_stack/vision_gui/../../../../../../../opt/ros/hydro/share/rosunit/cmake/rosunit-extras.cmake">
          <Option virtualFolder="CMake Files\..\..\..\..\..\..\..\opt\ros\hydro\share\rosunit\cmake\" />
      </Unit>
      <Unit filename="/home/sumit/hydro_workspace/sandbox/kraken_3.0/vision_stack/vision_gui/../../../../../../../opt/ros/hydro/share/roslib/cmake/roslibConfig-version.cmake">
          <Option virtualFolder="CMake Files\..\..\..\..\..\..\..\opt\ros\hydro\share\roslib\cmake\" />
      </Unit>
      <Unit filename="/home/sumit/hydro_workspace/sandbox/kraken_3.0/vision_stack/vision_gui/../../../../../../../opt/ros/hydro/share/roslib/cmake/roslibConfig.cmake">
          <Option virtualFolder="CMake Files\..\..\..\..\..\..\..\opt\ros\hydro\share\roslib\cmake\" />
      </Unit>
      <Unit filename="/home/sumit/hydro_workspace/sandbox/kraken_3.0/vision_stack/vision_gui/../../../../../../../opt/ros/hydro/share/roslib/cmake/roslib-extras.cmake">
          <Option virtualFolder="CMake Files\..\..\..\..\..\..\..\opt\ros\hydro\share\roslib\cmake\" />
      </Unit>
      <Unit filename="/home/sumit/hydro_workspace/sandbox/kraken_3.0/vision_stack/vision_gui/../../../../../../../opt/ros/hydro/share/roslang/cmake/roslang.cmake">
          <Option virtualFolder="CMake Files\..\..\..\..\..\..\..\opt\ros\hydro\share\roslang\cmake\" />
      </Unit>
      <Unit filename="/home/sumit/hydro_workspace/sandbox/kraken_3.0/vision_stack/vision_gui/../../../../../../../opt/ros/hydro/share/genmsg/cmake/genmsgConfig-version.cmake">
          <Option virtualFolder="CMake Files\..\..\..\..\..\..\..\opt\ros\hydro\share\genmsg\cmake\" />
      </Unit>
      <Unit filename="/home/sumit/hydro_workspace/sandbox/kraken_3.0/vision_stack/vision_gui/../../../../../../../opt/ros/hydro/share/genmsg/cmake/genmsgConfig.cmake">
          <Option virtualFolder="CMake Files\..\..\..\..\..\..\..\opt\ros\hydro\share\genmsg\cmake\" />
      </Unit>
      <Unit filename="/home/sumit/hydro_workspace/sandbox/kraken_3.0/vision_stack/vision_gui/../../../../../../../opt/ros/hydro/share/genmsg/cmake/genmsg-extras.cmake">
          <Option virtualFolder="CMake Files\..\..\..\..\..\..\..\opt\ros\hydro\share\genmsg\cmake\" />
      </Unit>
      <Unit filename="/home/sumit/hydro_workspace/sandbox/kraken_3.0/vision_stack/vision_gui/../../../../../../../opt/ros/hydro/share/genmsg/cmake/genmsgConfig-version.cmake">
          <Option virtualFolder="CMake Files\..\..\..\..\..\..\..\opt\ros\hydro\share\genmsg\cmake\" />
      </Unit>
      <Unit filename="/home/sumit/hydro_workspace/sandbox/kraken_3.0/vision_stack/vision_gui/../../../../../../../opt/ros/hydro/share/genmsg/cmake/genmsgConfig.cmake">
          <Option virtualFolder="CMake Files\..\..\..\..\..\..\..\opt\ros\hydro\share\genmsg\cmake\" />
      </Unit>
      <Unit filename="/home/sumit/hydro_workspace/sandbox/kraken_3.0/vision_stack/vision_gui/../../../../../../../opt/ros/hydro/share/gencpp/cmake/gencppConfig-version.cmake">
          <Option virtualFolder="CMake Files\..\..\..\..\..\..\..\opt\ros\hydro\share\gencpp\cmake\" />
      </Unit>
      <Unit filename="/home/sumit/hydro_workspace/sandbox/kraken_3.0/vision_stack/vision_gui/../../../../../../../opt/ros/hydro/share/gencpp/cmake/gencppConfig.cmake">
          <Option virtualFolder="CMake Files\..\..\..\..\..\..\..\opt\ros\hydro\share\gencpp\cmake\" />
      </Unit>
      <Unit filename="/home/sumit/hydro_workspace/sandbox/kraken_3.0/vision_stack/vision_gui/../../../../../../../opt/ros/hydro/share/gencpp/cmake/gencpp-extras.cmake">
          <Option virtualFolder="CMake Files\..\..\..\..\..\..\..\opt\ros\hydro\share\gencpp\cmake\" />
      </Unit>
      <Unit filename="/home/sumit/hydro_workspace/sandbox/kraken_3.0/vision_stack/vision_gui/../../../../../../../opt/ros/hydro/share/genlisp/cmake/genlispConfig-version.cmake">
          <Option virtualFolder="CMake Files\..\..\..\..\..\..\..\opt\ros\hydro\share\genlisp\cmake\" />
      </Unit>
      <Unit filename="/home/sumit/hydro_workspace/sandbox/kraken_3.0/vision_stack/vision_gui/../../../../../../../opt/ros/hydro/share/genlisp/cmake/genlispConfig.cmake">
          <Option virtualFolder="CMake Files\..\..\..\..\..\..\..\opt\ros\hydro\share\genlisp\cmake\" />
      </Unit>
      <Unit filename="/home/sumit/hydro_workspace/sandbox/kraken_3.0/vision_stack/vision_gui/../../../../../../../opt/ros/hydro/share/genlisp/cmake/genlisp-extras.cmake">
          <Option virtualFolder="CMake Files\..\..\..\..\..\..\..\opt\ros\hydro\share\genlisp\cmake\" />
      </Unit>
      <Unit filename="/home/sumit/hydro_workspace/sandbox/kraken_3.0/vision_stack/vision_gui/../../../../../../../opt/ros/hydro/share/genpy/cmake/genpyConfig-version.cmake">
          <Option virtualFolder="CMake Files\..\..\..\..\..\..\..\opt\ros\hydro\share\genpy\cmake\" />
      </Unit>
      <Unit filename="/home/sumit/hydro_workspace/sandbox/kraken_3.0/vision_stack/vision_gui/../../../../../../../opt/ros/hydro/share/genpy/cmake/genpyConfig.cmake">
          <Option virtualFolder="CMake Files\..\..\..\..\..\..\..\opt\ros\hydro\share\genpy\cmake\" />
      </Unit>
      <Unit filename="/home/sumit/hydro_workspace/sandbox/kraken_3.0/vision_stack/vision_gui/../../../../../../../opt/ros/hydro/share/genpy/cmake/genpy-extras.cmake">
          <Option virtualFolder="CMake Files\..\..\..\..\..\..\..\opt\ros\hydro\share\genpy\cmake\" />
      </Unit>
      <Unit filename="/home/sumit/hydro_workspace/sandbox/kraken_3.0/vision_stack/vision_gui/../../../../../../../opt/ros/hydro/share/roslisp/rosbuild/roslisp.cmake">
          <Option virtualFolder="CMake Files\..\..\..\..\..\..\..\opt\ros\hydro\share\roslisp\rosbuild\" />
      </Unit>
      <Unit filename="/home/sumit/hydro_workspace/sandbox/kraken_3.0/vision_stack/vision_gui/../../../../../../../opt/ros/hydro/share/roscpp/rosbuild/roscpp.cmake">
          <Option virtualFolder="CMake Files\..\..\..\..\..\..\..\opt\ros\hydro\share\roscpp\rosbuild\" />
      </Unit>
      <Unit filename="/home/sumit/hydro_workspace/sandbox/kraken_3.0/vision_stack/vision_gui/../../../../../../../opt/ros/hydro/share/rospy/rosbuild/rospy.cmake">
          <Option virtualFolder="CMake Files\..\..\..\..\..\..\..\opt\ros\hydro\share\rospy\rosbuild\" />
      </Unit>
      <Unit filename="/home/sumit/hydro_workspace/sandbox/kraken_3.0/vision_stack/vision_gui/../qtcreator-build/catkin/catkin_generated/version/package.cmake">
          <Option virtualFolder="CMake Files\..\qtcreator-build\catkin\catkin_generated\version\" />
      </Unit>
      <Unit filename="/home/sumit/hydro_workspace/sandbox/kraken_3.0/vision_stack/vision_gui/../qtcreator-build/catkin_generated/ordered_paths.cmake">
          <Option virtualFolder="CMake Files\..\qtcreator-build\catkin_generated\" />
      </Unit>
      <Unit filename="/home/sumit/hydro_workspace/sandbox/kraken_3.0/vision_stack/vision_gui/../qtcreator-build/catkin_generated/ordered_paths.cmake">
          <Option virtualFolder="CMake Files\..\qtcreator-build\catkin_generated\" />
      </Unit>
   </Project>
</CodeBlocks_project_file>
